
Microsoft Visual Studio Solution File, Format Version 12.00
Project("{FAE04EC0-301F-11D3-BF4B-00C04F79EFBC}") = "TaxComputingProject", "TaxComputingProject\TaxComputingProject.csproj", "{93B83E41-B4D9-4572-948B-952C2F0ABFA7}"
EndProject
Project("{FAE04EC0-301F-11D3-BF4B-00C04F79EFBC}") = "TaxComputingProjectTest", "TaxComputingProjectTest\TaxComputingProjectTest.csproj", "{6B1DA463-8986-4E98-B724-E57EDE5A870A}"
EndProject
Global
	GlobalSection(SolutionConfigurationPlatforms) = preSolution
		Debug|Any CPU = Debug|Any CPU
		Release|Any CPU = Release|Any CPU
	EndGlobalSection
	GlobalSection(ProjectConfigurationPlatforms) = postSolution
		{93B83E41-B4D9-4572-948B-952C2F0ABFA7}.Debug|Any CPU.ActiveCfg = Debug|Any CPU
		{93B83E41-B4D9-4572-948B-952C2F0ABFA7}.Debug|Any CPU.Build.0 = Debug|Any CPU
		{93B83E41-B4D9-4572-948B-952C2F0ABFA7}.Release|Any CPU.ActiveCfg = Release|Any CPU
		{93B83E41-B4D9-4572-948B-952C2F0ABFA7}.Release|Any CPU.Build.0 = Release|Any CPU
		{6B1DA463-8986-4E98-B724-E57EDE5A870A}.Debug|Any CPU.ActiveCfg = Debug|Any CPU
		{6B1DA463-8986-4E98-B724-E57EDE5A870A}.Debug|Any CPU.Build.0 = Debug|Any CPU
		{6B1DA463-8986-4E98-B724-E57EDE5A870A}.Release|Any CPU.ActiveCfg = Release|Any CPU
		{6B1DA463-8986-4E98-B724-E57EDE5A870A}.Release|Any CPU.Build.0 = Release|Any CPU
	EndGlobalSection
EndGlobal
